// !$*UTF8*$!
{
	archiveVersion = 1;
	classes = {
	};
	objectVersion = 46;
	objects = {
/* Begin PBXBuildFile section */
		1D3623260D0F684500981E51 /* AppDelegate.m in Sources */ = {isa = PBXBuildFile; fileRef = 1D3623250D0F684500981E51 /* AppDelegate.m */; };
		1D60589B0D05DD56006BFB54 /* main.m in Sources */ = {isa = PBXBuildFile; fileRef = 29B97316FDCFA39411CA2CEA /* main.m */; };
		1F766FE113BBADB100FB74C0 /* Localizable.strings in Resources */ = {isa = PBXBuildFile; fileRef = 1F766FDC13BBADB100FB74C0 /* Localizable.strings */; };
		288765FD0DF74451002DB57D /* CoreGraphics.framework in Frameworks */ = {isa = PBXBuildFile; fileRef = 288765FC0DF74451002DB57D /* CoreGraphics.framework */; };
		301BF552109A68D80062928A /* libCordova.a in Frameworks */ = {isa = PBXBuildFile; fileRef = 301BF535109A57CC0062928A /* libCordova.a */; };
		302D95F114D2391D003F00A1 /* MainViewController.m in Sources */ = {isa = PBXBuildFile; fileRef = 302D95EF14D2391D003F00A1 /* MainViewController.m */; };
		302D95F214D2391D003F00A1 /* MainViewController.xib in Resources */ = {isa = PBXBuildFile; fileRef = 302D95F014D2391D003F00A1 /* MainViewController.xib */; };
		305D5FD1115AB8F900A74A75 /* MobileCoreServices.framework in Frameworks */ = {isa = PBXBuildFile; fileRef = 305D5FD0115AB8F900A74A75 /* MobileCoreServices.framework */; };
		3088BBBD154F3926009F9C59 /* Default-Landscape@2x~ipad.png in Resources */ = {isa = PBXBuildFile; fileRef = 3088BBB7154F3926009F9C59 /* Default-Landscape@2x~ipad.png */; };
		3088BBBE154F3926009F9C59 /* Default-Landscape~ipad.png in Resources */ = {isa = PBXBuildFile; fileRef = 3088BBB8154F3926009F9C59 /* Default-Landscape~ipad.png */; };
		3088BBBF154F3926009F9C59 /* Default-Portrait@2x~ipad.png in Resources */ = {isa = PBXBuildFile; fileRef = 3088BBB9154F3926009F9C59 /* Default-Portrait@2x~ipad.png */; };
		3088BBC0154F3926009F9C59 /* Default-Portrait~ipad.png in Resources */ = {isa = PBXBuildFile; fileRef = 3088BBBA154F3926009F9C59 /* Default-Portrait~ipad.png */; };
		3088BBC1154F3926009F9C59 /* Default@2x~iphone.png in Resources */ = {isa = PBXBuildFile; fileRef = 3088BBBB154F3926009F9C59 /* Default@2x~iphone.png */; };
		3088BBC2154F3926009F9C59 /* Default~iphone.png in Resources */ = {isa = PBXBuildFile; fileRef = 3088BBBC154F3926009F9C59 /* Default~iphone.png */; };
		308D05371370CCF300D202BF /* icon-72.png in Resources */ = {isa = PBXBuildFile; fileRef = 308D052E1370CCF300D202BF /* icon-72.png */; };
		308D05381370CCF300D202BF /* icon.png in Resources */ = {isa = PBXBuildFile; fileRef = 308D052F1370CCF300D202BF /* icon.png */; };
		308D05391370CCF300D202BF /* icon@2x.png in Resources */ = {isa = PBXBuildFile; fileRef = 308D05301370CCF300D202BF /* icon@2x.png */; };
		30A0434814DC770100060A13 /* Localizable.strings in Resources */ = {isa = PBXBuildFile; fileRef = 30A0434314DC770100060A13 /* Localizable.strings */; };
		30FC414916E50CA1004E6F35 /* icon-72@2x.png in Resources */ = {isa = PBXBuildFile; fileRef = 30FC414816E50CA1004E6F35 /* icon-72@2x.png */; };
		5AEE5B35173C68D80009041E /* CoreLocation.framework in Frameworks */ = {isa = PBXBuildFile; fileRef = 5AEE5B34173C68D80009041E /* CoreLocation.framework */; };
		5B1594DD16A7569C00FEF299 /* AssetsLibrary.framework in Frameworks */ = {isa = PBXBuildFile; fileRef = 5B1594DC16A7569C00FEF299 /* AssetsLibrary.framework */; };
		7E7966DE1810823500FA85AD /* icon-40.png in Resources */ = {isa = PBXBuildFile; fileRef = 7E7966D41810823500FA85AD /* icon-40.png */; };
		7E7966DF1810823500FA85AD /* icon-40@2x.png in Resources */ = {isa = PBXBuildFile; fileRef = 7E7966D51810823500FA85AD /* icon-40@2x.png */; };
		7E7966E01810823500FA85AD /* icon-50.png in Resources */ = {isa = PBXBuildFile; fileRef = 7E7966D61810823500FA85AD /* icon-50.png */; };
		7E7966E11810823500FA85AD /* icon-50@2x.png in Resources */ = {isa = PBXBuildFile; fileRef = 7E7966D71810823500FA85AD /* icon-50@2x.png */; };
		7E7966E21810823500FA85AD /* icon-60.png in Resources */ = {isa = PBXBuildFile; fileRef = 7E7966D81810823500FA85AD /* icon-60.png */; };
		7E7966E31810823500FA85AD /* icon-60@2x.png in Resources */ = {isa = PBXBuildFile; fileRef = 7E7966D91810823500FA85AD /* icon-60@2x.png */; };
		7E7966E41810823500FA85AD /* icon-76.png in Resources */ = {isa = PBXBuildFile; fileRef = 7E7966DA1810823500FA85AD /* icon-76.png */; };
		7E7966E51810823500FA85AD /* icon-76@2x.png in Resources */ = {isa = PBXBuildFile; fileRef = 7E7966DB1810823500FA85AD /* icon-76@2x.png */; };
		7E7966E61810823500FA85AD /* icon-small.png in Resources */ = {isa = PBXBuildFile; fileRef = 7E7966DC1810823500FA85AD /* icon-small.png */; };
		7E7966E71810823500FA85AD /* icon-small@2x.png in Resources */ = {isa = PBXBuildFile; fileRef = 7E7966DD1810823500FA85AD /* icon-small@2x.png */; };
		D4A0D8761607E02300AEF8BB /* Default-568h@2x~iphone.png in Resources */ = {isa = PBXBuildFile; fileRef = D4A0D8751607E02300AEF8BB /* Default-568h@2x~iphone.png */; };
		61CE73DBED00422CA1B633A2 /* CDVConnection.m in Sources */ = {isa = PBXBuildFile; fileRef = D8CDA6C9D8464EFEA1D62191 /* CDVConnection.m */; };
		9A64FB27A1E34F78B4EE1C49 /* CDVReachability.m in Sources */ = {isa = PBXBuildFile; fileRef = 15753DFC1DED44AF88FCC64B /* CDVReachability.m */; };
		8F559AB4D23D4EA18998FCB9 /* SystemConfiguration.framework in Frameworks */ = {isa = PBXBuildFile; fileRef = 5F65A45F15B3450D8067B9E8 /* SystemConfiguration.framework */; settings = {ATTRIBUTES = (Weak, ); }; };
		2EBD392D9CA34BE7A58C642D /* CDVDevice.m in Sources */ = {isa = PBXBuildFile; fileRef = 31319553BA7E4E8EB3D08CF6 /* CDVDevice.m */; };
		8CC88DD0ECB948D790AE68FF /* CDVNotification.m in Sources */ = {isa = PBXBuildFile; fileRef = 0C1DF67A04F340A3A1FFCD6B /* CDVNotification.m */; };
		4E4A418F3D5E4416B978BC4C /* CDVNotification.bundle in Resources */ = {isa = PBXBuildFile; fileRef = CFBF3F38F9934069807E321A /* CDVNotification.bundle */; };
		5F82C30EDE2448068360B46D /* AudioToolbox.framework in Frameworks */ = {isa = PBXBuildFile; fileRef = 711046527CBE41B4B997EE7A /* AudioToolbox.framework */; settings = {ATTRIBUTES = (Weak, ); }; };
		5A652831081647BEA166945C /* CDVVibration.m in Sources */ = {isa = PBXBuildFile; fileRef = 1E9C8F9CB9F64D35B01F1ED1 /* CDVVibration.m */; };
		9CD1A7EE6E344C84B1AB5817 /* CDVInAppBrowser.m in Sources */ = {isa = PBXBuildFile; fileRef = BBDF7393AFD24576A06A04DD /* CDVInAppBrowser.m */; };
		CF416C1644FA4FAABE2C96AD /* CDVLogger.m in Sources */ = {isa = PBXBuildFile; fileRef = E5405ACBD5B0480786C7BEEC /* CDVLogger.m */; };
		054A0C85E9CB4004BDEAE52B /* APPLocalNotification.m in Sources */ = {isa = PBXBuildFile; fileRef = 3DEA9CF8AE2D45DDA9C4F263 /* APPLocalNotification.m */; };
		6AAC02DB6E1A42BAAF39AF69 /* FacebookConnectPlugin.m in Sources */ = {isa = PBXBuildFile; fileRef = 744ACE292D9C460FA8E2D3A1 /* FacebookConnectPlugin.m */; };
		FBF17CC2B8C64A2A9FFC349B /* FacebookSDK-3.5.2-Release.a in Frameworks */ = {isa = PBXBuildFile; fileRef = 21249C1D23474CFBBBA96E4B /* FacebookSDK-3.5.2-Release.a */; };
		B04857D9631F453598AB508B /* FacebookSDKResources.bundle in Resources */ = {isa = PBXBuildFile; fileRef = A45D25F7EAF7462781D3E376 /* FacebookSDKResources.bundle */; };
		22B44E6CF9A9432BBA93378B /* FBUserSettingsViewResources.bundle in Resources */ = {isa = PBXBuildFile; fileRef = 309440964C1448BABD223E0F /* FBUserSettingsViewResources.bundle */; };
		07C668DE8B3140968E9EB1FE /* libsqlite3.dylib in Frameworks */ = {isa = PBXBuildFile; fileRef = 9998D376B78740F5815AE536 /* libsqlite3.dylib */; };
		2DCBF809FD69487B93603E66 /* Social.framework in Frameworks */ = {isa = PBXBuildFile; fileRef = 40E3AD0E9949471BA752EA98 /* Social.framework */; settings = {ATTRIBUTES = (Weak, ); }; };
		EEDBE0345D8B40D89860A85C /* Accounts.framework in Frameworks */ = {isa = PBXBuildFile; fileRef = 731392A877A441D5AA876C12 /* Accounts.framework */; settings = {ATTRIBUTES = (Weak, ); }; };
		EA8F6CDEA2684D6CADE7E421 /* AdSupport.framework in Frameworks */ = {isa = PBXBuildFile; fileRef = AEBA9AD10CA14252B55E224E /* AdSupport.framework */; settings = {ATTRIBUTES = (Weak, ); }; };
		03C8219BD6BF4B3784115E67 /* Security.framework in Frameworks */ = {isa = PBXBuildFile; fileRef = 3E091B761CBD475D9C943906 /* Security.framework */; settings = {ATTRIBUTES = (Weak, ); }; };
/* End PBXBuildFile section */

/* Begin PBXContainerItemProxy section */
		301BF534109A57CC0062928A /* PBXContainerItemProxy */ = {
			isa = PBXContainerItemProxy;
			containerPortal = 301BF52D109A57CC0062928A /* CordovaLib.xcodeproj */;
			proxyType = 2;
			remoteGlobalIDString = D2AAC07E0554694100DB518D;
			remoteInfo = CordovaLib;
		};
		301BF550109A68C00062928A /* PBXContainerItemProxy */ = {
			isa = PBXContainerItemProxy;
			containerPortal = 301BF52D109A57CC0062928A /* CordovaLib.xcodeproj */;
			proxyType = 1;
			remoteGlobalIDString = D2AAC07D0554694100DB518D;
			remoteInfo = CordovaLib;
		};
/* End PBXContainerItemProxy section */

/* Begin PBXFileReference section */
		1D3623240D0F684500981E51 /* AppDelegate.h */ = {isa = PBXFileReference; fileEncoding = 4; lastKnownFileType = sourcecode.c.h; path = AppDelegate.h; sourceTree = "<group>"; };
		1D3623250D0F684500981E51 /* AppDelegate.m */ = {isa = PBXFileReference; fileEncoding = 4; lastKnownFileType = sourcecode.c.objc; path = AppDelegate.m; sourceTree = "<group>"; };
		1D6058910D05DD3D006BFB54 /* Pouz.app */ = {isa = PBXFileReference; explicitFileType = wrapper.application; includeInIndex = 0; path = "Pouz.app"; sourceTree = BUILT_PRODUCTS_DIR; };
		1F766FDD13BBADB100FB74C0 /* en */ = {isa = PBXFileReference; lastKnownFileType = text.plist.strings; name = en; path = Localizable.strings; sourceTree = "<group>"; };
		1F766FE013BBADB100FB74C0 /* es */ = {isa = PBXFileReference; lastKnownFileType = text.plist.strings; name = es; path = Localizable.strings; sourceTree = "<group>"; };
		288765FC0DF74451002DB57D /* CoreGraphics.framework */ = {isa = PBXFileReference; lastKnownFileType = wrapper.framework; name = CoreGraphics.framework; path = System/Library/Frameworks/CoreGraphics.framework; sourceTree = SDKROOT; };
		29B97316FDCFA39411CA2CEA /* main.m */ = {isa = PBXFileReference; fileEncoding = 4; lastKnownFileType = sourcecode.c.objc; path = main.m; sourceTree = "<group>"; };
		301BF52D109A57CC0062928A /* CordovaLib.xcodeproj */ = {isa = PBXFileReference; lastKnownFileType = "wrapper.pb-project"; name = CordovaLib.xcodeproj; path = "CordovaLib/CordovaLib.xcodeproj"; sourceTree = "<group>"; };
		301BF56E109A69640062928A /* www */ = {isa = PBXFileReference; lastKnownFileType = folder; path = www; sourceTree = SOURCE_ROOT; };
		302D95EE14D2391D003F00A1 /* MainViewController.h */ = {isa = PBXFileReference; fileEncoding = 4; lastKnownFileType = sourcecode.c.h; path = MainViewController.h; sourceTree = "<group>"; };
		302D95EF14D2391D003F00A1 /* MainViewController.m */ = {isa = PBXFileReference; fileEncoding = 4; lastKnownFileType = sourcecode.c.objc; path = MainViewController.m; sourceTree = "<group>"; };
		302D95F014D2391D003F00A1 /* MainViewController.xib */ = {isa = PBXFileReference; fileEncoding = 4; lastKnownFileType = file.xib; path = MainViewController.xib; sourceTree = "<group>"; };
		305D5FD0115AB8F900A74A75 /* MobileCoreServices.framework */ = {isa = PBXFileReference; lastKnownFileType = wrapper.framework; name = MobileCoreServices.framework; path = System/Library/Frameworks/MobileCoreServices.framework; sourceTree = SDKROOT; };
		3088BBB7154F3926009F9C59 /* Default-Landscape@2x~ipad.png */ = {isa = PBXFileReference; lastKnownFileType = image.png; path = "Default-Landscape@2x~ipad.png"; sourceTree = "<group>"; };
		3088BBB8154F3926009F9C59 /* Default-Landscape~ipad.png */ = {isa = PBXFileReference; lastKnownFileType = image.png; path = "Default-Landscape~ipad.png"; sourceTree = "<group>"; };
		3088BBB9154F3926009F9C59 /* Default-Portrait@2x~ipad.png */ = {isa = PBXFileReference; lastKnownFileType = image.png; path = "Default-Portrait@2x~ipad.png"; sourceTree = "<group>"; };
		3088BBBA154F3926009F9C59 /* Default-Portrait~ipad.png */ = {isa = PBXFileReference; lastKnownFileType = image.png; path = "Default-Portrait~ipad.png"; sourceTree = "<group>"; };
		3088BBBB154F3926009F9C59 /* Default@2x~iphone.png */ = {isa = PBXFileReference; lastKnownFileType = image.png; path = "Default@2x~iphone.png"; sourceTree = "<group>"; };
		3088BBBC154F3926009F9C59 /* Default~iphone.png */ = {isa = PBXFileReference; lastKnownFileType = image.png; path = "Default~iphone.png"; sourceTree = "<group>"; };
		308D052E1370CCF300D202BF /* icon-72.png */ = {isa = PBXFileReference; lastKnownFileType = image.png; path = "icon-72.png"; sourceTree = "<group>"; };
		308D052F1370CCF300D202BF /* icon.png */ = {isa = PBXFileReference; lastKnownFileType = image.png; path = icon.png; sourceTree = "<group>"; };
		308D05301370CCF300D202BF /* icon@2x.png */ = {isa = PBXFileReference; lastKnownFileType = image.png; path = "icon@2x.png"; sourceTree = "<group>"; };
		30A0434414DC770100060A13 /* de */ = {isa = PBXFileReference; lastKnownFileType = text.plist.strings; name = de; path = Localizable.strings; sourceTree = "<group>"; };
		30A0434714DC770100060A13 /* se */ = {isa = PBXFileReference; lastKnownFileType = text.plist.strings; name = se; path = Localizable.strings; sourceTree = "<group>"; };
		30FC414816E50CA1004E6F35 /* icon-72@2x.png */ = {isa = PBXFileReference; lastKnownFileType = image.png; path = "icon-72@2x.png"; sourceTree = "<group>"; };
		32CA4F630368D1EE00C91783 /* Pouz-Prefix.pch */ = {isa = PBXFileReference; fileEncoding = 4; lastKnownFileType = sourcecode.c.h; path = "Pouz-Prefix.pch"; sourceTree = "<group>"; };
		5AEE5B34173C68D80009041E /* CoreLocation.framework */ = {isa = PBXFileReference; lastKnownFileType = wrapper.framework; name = CoreLocation.framework; path = System/Library/Frameworks/CoreLocation.framework; sourceTree = SDKROOT; };
		5B1594DC16A7569C00FEF299 /* AssetsLibrary.framework */ = {isa = PBXFileReference; lastKnownFileType = wrapper.framework; name = AssetsLibrary.framework; path = System/Library/Frameworks/AssetsLibrary.framework; sourceTree = SDKROOT; };
		7E7966D41810823500FA85AD /* icon-40.png */ = {isa = PBXFileReference; lastKnownFileType = image.png; path = "icon-40.png"; sourceTree = "<group>"; };
		7E7966D51810823500FA85AD /* icon-40@2x.png */ = {isa = PBXFileReference; lastKnownFileType = image.png; path = "icon-40@2x.png"; sourceTree = "<group>"; };
		7E7966D61810823500FA85AD /* icon-50.png */ = {isa = PBXFileReference; lastKnownFileType = image.png; path = "icon-50.png"; sourceTree = "<group>"; };
		7E7966D71810823500FA85AD /* icon-50@2x.png */ = {isa = PBXFileReference; lastKnownFileType = image.png; path = "icon-50@2x.png"; sourceTree = "<group>"; };
		7E7966D81810823500FA85AD /* icon-60.png */ = {isa = PBXFileReference; lastKnownFileType = image.png; path = "icon-60.png"; sourceTree = "<group>"; };
		7E7966D91810823500FA85AD /* icon-60@2x.png */ = {isa = PBXFileReference; lastKnownFileType = image.png; path = "icon-60@2x.png"; sourceTree = "<group>"; };
		7E7966DA1810823500FA85AD /* icon-76.png */ = {isa = PBXFileReference; lastKnownFileType = image.png; path = "icon-76.png"; sourceTree = "<group>"; };
		7E7966DB1810823500FA85AD /* icon-76@2x.png */ = {isa = PBXFileReference; lastKnownFileType = image.png; path = "icon-76@2x.png"; sourceTree = "<group>"; };
		7E7966DC1810823500FA85AD /* icon-small.png */ = {isa = PBXFileReference; lastKnownFileType = image.png; path = "icon-small.png"; sourceTree = "<group>"; };
		7E7966DD1810823500FA85AD /* icon-small@2x.png */ = {isa = PBXFileReference; lastKnownFileType = image.png; path = "icon-small@2x.png"; sourceTree = "<group>"; };
		8D1107310486CEB800E47090 /* Pouz-Info.plist */ = {isa = PBXFileReference; fileEncoding = 4; lastKnownFileType = text.plist.xml; name = "Pouz-Info.plist"; path = "../Pouz-Info.plist"; plistStructureDefinitionIdentifier = "com.apple.xcode.plist.structure-definition.iphone.info-plist"; sourceTree = "<group>"; };
		D4A0D8751607E02300AEF8BB /* Default-568h@2x~iphone.png */ = {isa = PBXFileReference; lastKnownFileType = image.png; path = "Default-568h@2x~iphone.png"; sourceTree = "<group>"; };
		EB87FDF21871DA7A0020F90C /* merges */ = {isa = PBXFileReference; lastKnownFileType = folder; name = merges; path = ../../merges; sourceTree = "<group>"; };
		EB87FDF31871DA8E0020F90C /* www */ = {isa = PBXFileReference; lastKnownFileType = folder; name = www; path = ../../www; sourceTree = "<group>"; };
		EB87FDF41871DAF40020F90C /* config.xml */ = {isa = PBXFileReference; lastKnownFileType = text.xml; name = config.xml; path = ../../config.xml; sourceTree = "<group>"; };
		F840E1F0165FE0F500CFE078 /* config.xml */ = {isa = PBXFileReference; lastKnownFileType = text.xml; name = config.xml; path = "Pouz/config.xml"; sourceTree = "<group>"; };
		D8CDA6C9D8464EFEA1D62191 /* CDVConnection.m */ = {isa = PBXFileReference; lastKnownFileType = sourcecode.c.objc; name = "CDVConnection.m"; path = "org.apache.cordova.network-information/CDVConnection.m"; sourceTree = "<group>"; fileEncoding = 4; };
		15753DFC1DED44AF88FCC64B /* CDVReachability.m */ = {isa = PBXFileReference; lastKnownFileType = sourcecode.c.objc; name = "CDVReachability.m"; path = "org.apache.cordova.network-information/CDVReachability.m"; sourceTree = "<group>"; fileEncoding = 4; };
		8B96E2266133400D9CC18003 /* CDVConnection.h */ = {isa = PBXFileReference; lastKnownFileType = sourcecode.c.h; name = "CDVConnection.h"; path = "org.apache.cordova.network-information/CDVConnection.h"; sourceTree = "<group>"; fileEncoding = 4; };
		8B36467F6E9A4C1F9E79F7A1 /* CDVReachability.h */ = {isa = PBXFileReference; lastKnownFileType = sourcecode.c.h; name = "CDVReachability.h"; path = "org.apache.cordova.network-information/CDVReachability.h"; sourceTree = "<group>"; fileEncoding = 4; };
		5F65A45F15B3450D8067B9E8 /* SystemConfiguration.framework */ = {isa = PBXFileReference; lastKnownFileType = wrapper.framework; name = "SystemConfiguration.framework"; path = "System/Library/Frameworks/SystemConfiguration.framework"; sourceTree = SDKROOT; fileEncoding = 4; };
		31319553BA7E4E8EB3D08CF6 /* CDVDevice.m */ = {isa = PBXFileReference; lastKnownFileType = sourcecode.c.objc; name = "CDVDevice.m"; path = "org.apache.cordova.device/CDVDevice.m"; sourceTree = "<group>"; fileEncoding = 4; };
		5C8FC458491C47A592B23C03 /* CDVDevice.h */ = {isa = PBXFileReference; lastKnownFileType = sourcecode.c.h; name = "CDVDevice.h"; path = "org.apache.cordova.device/CDVDevice.h"; sourceTree = "<group>"; fileEncoding = 4; };
		0C1DF67A04F340A3A1FFCD6B /* CDVNotification.m */ = {isa = PBXFileReference; lastKnownFileType = sourcecode.c.objc; name = "CDVNotification.m"; path = "org.apache.cordova.dialogs/CDVNotification.m"; sourceTree = "<group>"; fileEncoding = 4; };
		FFD41BF243F647609D7FCC87 /* CDVNotification.h */ = {isa = PBXFileReference; lastKnownFileType = sourcecode.c.h; name = "CDVNotification.h"; path = "org.apache.cordova.dialogs/CDVNotification.h"; sourceTree = "<group>"; fileEncoding = 4; };
		CFBF3F38F9934069807E321A /* CDVNotification.bundle */ = {isa = PBXFileReference; lastKnownFileType = "wrapper.plug-in"; name = "CDVNotification.bundle"; path = "CDVNotification.bundle"; sourceTree = "<group>"; };
		711046527CBE41B4B997EE7A /* AudioToolbox.framework */ = {isa = PBXFileReference; lastKnownFileType = wrapper.framework; name = "AudioToolbox.framework"; path = "System/Library/Frameworks/AudioToolbox.framework"; sourceTree = SDKROOT; fileEncoding = 4; };
		1E9C8F9CB9F64D35B01F1ED1 /* CDVVibration.m */ = {isa = PBXFileReference; lastKnownFileType = sourcecode.c.objc; name = "CDVVibration.m"; path = "org.apache.cordova.vibration/CDVVibration.m"; sourceTree = "<group>"; fileEncoding = 4; };
		2CDCE0C22D694E8DA2028D91 /* CDVVibration.h */ = {isa = PBXFileReference; lastKnownFileType = sourcecode.c.h; name = "CDVVibration.h"; path = "org.apache.cordova.vibration/CDVVibration.h"; sourceTree = "<group>"; fileEncoding = 4; };
		BBDF7393AFD24576A06A04DD /* CDVInAppBrowser.m */ = {isa = PBXFileReference; lastKnownFileType = sourcecode.c.objc; name = "CDVInAppBrowser.m"; path = "org.apache.cordova.inappbrowser/CDVInAppBrowser.m"; sourceTree = "<group>"; fileEncoding = 4; };
		33546D29DDC544818ED7F67A /* CDVInAppBrowser.h */ = {isa = PBXFileReference; lastKnownFileType = sourcecode.c.h; name = "CDVInAppBrowser.h"; path = "org.apache.cordova.inappbrowser/CDVInAppBrowser.h"; sourceTree = "<group>"; fileEncoding = 4; };
		E5405ACBD5B0480786C7BEEC /* CDVLogger.m */ = {isa = PBXFileReference; lastKnownFileType = sourcecode.c.objc; name = "CDVLogger.m"; path = "org.apache.cordova.console/CDVLogger.m"; sourceTree = "<group>"; fileEncoding = 4; };
		BB97E9A7835C4E13A9FF1878 /* CDVLogger.h */ = {isa = PBXFileReference; lastKnownFileType = sourcecode.c.h; name = "CDVLogger.h"; path = "org.apache.cordova.console/CDVLogger.h"; sourceTree = "<group>"; fileEncoding = 4; };
		3DEA9CF8AE2D45DDA9C4F263 /* APPLocalNotification.m */ = {isa = PBXFileReference; lastKnownFileType = sourcecode.c.objc; name = "APPLocalNotification.m"; path = "de.appplant.cordova.plugin.local-notification/APPLocalNotification.m"; sourceTree = "<group>"; fileEncoding = 4; };
		1F9452D8CF8A4649991DF373 /* APPLocalNotification.h */ = {isa = PBXFileReference; lastKnownFileType = sourcecode.c.h; name = "APPLocalNotification.h"; path = "de.appplant.cordova.plugin.local-notification/APPLocalNotification.h"; sourceTree = "<group>"; fileEncoding = 4; };
		744ACE292D9C460FA8E2D3A1 /* FacebookConnectPlugin.m */ = {isa = PBXFileReference; lastKnownFileType = sourcecode.c.objc; name = "FacebookConnectPlugin.m"; path = "com.phonegap.plugins.facebookconnect/FacebookConnectPlugin.m"; sourceTree = "<group>"; fileEncoding = 4; };
		21249C1D23474CFBBBA96E4B /* FacebookSDK-3.5.2-Release.a */ = {isa = PBXFileReference; lastKnownFileType = archive.ar; name = "FacebookSDK-3.5.2-Release.a"; path = "Pouz/Plugins/com.phonegap.plugins.facebookconnect/FacebookSDK-3.5.2-Release.a"; sourceTree = "<group>"; fileEncoding = 4; };
		BBFDB8BA228A42638329F591 /* FacebookConnectPlugin.h */ = {isa = PBXFileReference; lastKnownFileType = sourcecode.c.h; name = "FacebookConnectPlugin.h"; path = "com.phonegap.plugins.facebookconnect/FacebookConnectPlugin.h"; sourceTree = "<group>"; fileEncoding = 4; };
		5D26DF8ADA7B46A3AFD1F3A4 /* FBAccessTokenData.h */ = {isa = PBXFileReference; lastKnownFileType = sourcecode.c.h; name = "FBAccessTokenData.h"; path = "com.phonegap.plugins.facebookconnect/facebook/FBAccessTokenData.h"; sourceTree = "<group>"; fileEncoding = 4; };
		0DC192F6604F4A71A25F71BC /* FBAppCall.h */ = {isa = PBXFileReference; lastKnownFileType = sourcecode.c.h; name = "FBAppCall.h"; path = "com.phonegap.plugins.facebookconnect/facebook/FBAppCall.h"; sourceTree = "<group>"; fileEncoding = 4; };
		651ED7BB42AB48D493567B3A /* FBAppLinkData.h */ = {isa = PBXFileReference; lastKnownFileType = sourcecode.c.h; name = "FBAppLinkData.h"; path = "com.phonegap.plugins.facebookconnect/facebook/FBAppLinkData.h"; sourceTree = "<group>"; fileEncoding = 4; };
		97415693333D40CA8BE70878 /* FBCacheDescriptor.h */ = {isa = PBXFileReference; lastKnownFileType = sourcecode.c.h; name = "FBCacheDescriptor.h"; path = "com.phonegap.plugins.facebookconnect/facebook/FBCacheDescriptor.h"; sourceTree = "<group>"; fileEncoding = 4; };
		34CCB4473CDD4AAE8B0FC27E /* FBDialogs.h */ = {isa = PBXFileReference; lastKnownFileType = sourcecode.c.h; name = "FBDialogs.h"; path = "com.phonegap.plugins.facebookconnect/facebook/FBDialogs.h"; sourceTree = "<group>"; fileEncoding = 4; };
		D1B42DC44A0C4463B5B1CE0B /* FBDialogsData.h */ = {isa = PBXFileReference; lastKnownFileType = sourcecode.c.h; name = "FBDialogsData.h"; path = "com.phonegap.plugins.facebookconnect/facebook/FBDialogsData.h"; sourceTree = "<group>"; fileEncoding = 4; };
		7A1658F5886D4E5B9A023979 /* FBDialogsParams.h */ = {isa = PBXFileReference; lastKnownFileType = sourcecode.c.h; name = "FBDialogsParams.h"; path = "com.phonegap.plugins.facebookconnect/facebook/FBDialogsParams.h"; sourceTree = "<group>"; fileEncoding = 4; };
		F1B0D36567AA4C4798A8F031 /* FBError.h */ = {isa = PBXFileReference; lastKnownFileType = sourcecode.c.h; name = "FBError.h"; path = "com.phonegap.plugins.facebookconnect/facebook/FBError.h"; sourceTree = "<group>"; fileEncoding = 4; };
		4CE2C51CC2034FE1BC5BB2CA /* FBErrorUtility.h */ = {isa = PBXFileReference; lastKnownFileType = sourcecode.c.h; name = "FBErrorUtility.h"; path = "com.phonegap.plugins.facebookconnect/facebook/FBErrorUtility.h"; sourceTree = "<group>"; fileEncoding = 4; };
		A4C46458DA3F4A838C2B97F9 /* FBFrictionlessRecipientCache.h */ = {isa = PBXFileReference; lastKnownFileType = sourcecode.c.h; name = "FBFrictionlessRecipientCache.h"; path = "com.phonegap.plugins.facebookconnect/facebook/FBFrictionlessRecipientCache.h"; sourceTree = "<group>"; fileEncoding = 4; };
		F92E3E5C221848FB8A7DC34F /* FBFriendPickerViewController.h */ = {isa = PBXFileReference; lastKnownFileType = sourcecode.c.h; name = "FBFriendPickerViewController.h"; path = "com.phonegap.plugins.facebookconnect/facebook/FBFriendPickerViewController.h"; sourceTree = "<group>"; fileEncoding = 4; };
		BA9D1AEDAB5641D380EDA10E /* FBGraphLocation.h */ = {isa = PBXFileReference; lastKnownFileType = sourcecode.c.h; name = "FBGraphLocation.h"; path = "com.phonegap.plugins.facebookconnect/facebook/FBGraphLocation.h"; sourceTree = "<group>"; fileEncoding = 4; };
		F7966B2D533D4343B14F87B6 /* FBGraphObject.h */ = {isa = PBXFileReference; lastKnownFileType = sourcecode.c.h; name = "FBGraphObject.h"; path = "com.phonegap.plugins.facebookconnect/facebook/FBGraphObject.h"; sourceTree = "<group>"; fileEncoding = 4; };
		74A35736F8EB43B387A79AFF /* FBGraphPlace.h */ = {isa = PBXFileReference; lastKnownFileType = sourcecode.c.h; name = "FBGraphPlace.h"; path = "com.phonegap.plugins.facebookconnect/facebook/FBGraphPlace.h"; sourceTree = "<group>"; fileEncoding = 4; };
		73107F9585F14DF1B9DD9F66 /* FBGraphUser.h */ = {isa = PBXFileReference; lastKnownFileType = sourcecode.c.h; name = "FBGraphUser.h"; path = "com.phonegap.plugins.facebookconnect/facebook/FBGraphUser.h"; sourceTree = "<group>"; fileEncoding = 4; };
		EB60C30CEF6F4194A6E632A4 /* FBInsights.h */ = {isa = PBXFileReference; lastKnownFileType = sourcecode.c.h; name = "FBInsights.h"; path = "com.phonegap.plugins.facebookconnect/facebook/FBInsights.h"; sourceTree = "<group>"; fileEncoding = 4; };
		88E0C00AAE46457D871BBE7B /* FBLoginView.h */ = {isa = PBXFileReference; lastKnownFileType = sourcecode.c.h; name = "FBLoginView.h"; path = "com.phonegap.plugins.facebookconnect/facebook/FBLoginView.h"; sourceTree = "<group>"; fileEncoding = 4; };
		7BA736ED2736406EA36E8573 /* FBNativeDialogs.h */ = {isa = PBXFileReference; lastKnownFileType = sourcecode.c.h; name = "FBNativeDialogs.h"; path = "com.phonegap.plugins.facebookconnect/facebook/FBNativeDialogs.h"; sourceTree = "<group>"; fileEncoding = 4; };
		B948513CBB124F75800800CF /* FBOpenGraphAction.h */ = {isa = PBXFileReference; lastKnownFileType = sourcecode.c.h; name = "FBOpenGraphAction.h"; path = "com.phonegap.plugins.facebookconnect/facebook/FBOpenGraphAction.h"; sourceTree = "<group>"; fileEncoding = 4; };
		145858F053E4477D91FDF798 /* FBOpenGraphActionShareDialogParams.h */ = {isa = PBXFileReference; lastKnownFileType = sourcecode.c.h; name = "FBOpenGraphActionShareDialogParams.h"; path = "com.phonegap.plugins.facebookconnect/facebook/FBOpenGraphActionShareDialogParams.h"; sourceTree = "<group>"; fileEncoding = 4; };
		5F8441E8A8874E22BDC3AC08 /* FBOpenGraphObject.h */ = {isa = PBXFileReference; lastKnownFileType = sourcecode.c.h; name = "FBOpenGraphObject.h"; path = "com.phonegap.plugins.facebookconnect/facebook/FBOpenGraphObject.h"; sourceTree = "<group>"; fileEncoding = 4; };
		DAAFA36849D84A7AB8C13BED /* FBPlacePickerViewController.h */ = {isa = PBXFileReference; lastKnownFileType = sourcecode.c.h; name = "FBPlacePickerViewController.h"; path = "com.phonegap.plugins.facebookconnect/facebook/FBPlacePickerViewController.h"; sourceTree = "<group>"; fileEncoding = 4; };
		A9708210066F4D41A6244AD7 /* FBProfilePictureView.h */ = {isa = PBXFileReference; lastKnownFileType = sourcecode.c.h; name = "FBProfilePictureView.h"; path = "com.phonegap.plugins.facebookconnect/facebook/FBProfilePictureView.h"; sourceTree = "<group>"; fileEncoding = 4; };
		4FAD6FF4B2A24C8F8F338F47 /* FBRequest.h */ = {isa = PBXFileReference; lastKnownFileType = sourcecode.c.h; name = "FBRequest.h"; path = "com.phonegap.plugins.facebookconnect/facebook/FBRequest.h"; sourceTree = "<group>"; fileEncoding = 4; };
		84E8F89F905341D999AF3E54 /* FBRequestConnection.h */ = {isa = PBXFileReference; lastKnownFileType = sourcecode.c.h; name = "FBRequestConnection.h"; path = "com.phonegap.plugins.facebookconnect/facebook/FBRequestConnection.h"; sourceTree = "<group>"; fileEncoding = 4; };
		3B6994AE65D64BEE9BB0F19D /* FBSession.h */ = {isa = PBXFileReference; lastKnownFileType = sourcecode.c.h; name = "FBSession.h"; path = "com.phonegap.plugins.facebookconnect/facebook/FBSession.h"; sourceTree = "<group>"; fileEncoding = 4; };
		34A6214E64CE42EB899A77AB /* FBSessionTokenCachingStrategy.h */ = {isa = PBXFileReference; lastKnownFileType = sourcecode.c.h; name = "FBSessionTokenCachingStrategy.h"; path = "com.phonegap.plugins.facebookconnect/facebook/FBSessionTokenCachingStrategy.h"; sourceTree = "<group>"; fileEncoding = 4; };
		4C6B60C770EB47A88F6EBEBC /* FBSettings.h */ = {isa = PBXFileReference; lastKnownFileType = sourcecode.c.h; name = "FBSettings.h"; path = "com.phonegap.plugins.facebookconnect/facebook/FBSettings.h"; sourceTree = "<group>"; fileEncoding = 4; };
		32365D49AB7046EF96107DBE /* FBShareDialogParams.h */ = {isa = PBXFileReference; lastKnownFileType = sourcecode.c.h; name = "FBShareDialogParams.h"; path = "com.phonegap.plugins.facebookconnect/facebook/FBShareDialogParams.h"; sourceTree = "<group>"; fileEncoding = 4; };
		183337E0DAA74362B11C2084 /* FBTestSession.h */ = {isa = PBXFileReference; lastKnownFileType = sourcecode.c.h; name = "FBTestSession.h"; path = "com.phonegap.plugins.facebookconnect/facebook/FBTestSession.h"; sourceTree = "<group>"; fileEncoding = 4; };
		2A467B83FECC4D99BCE6C4AF /* FBUserSettingsViewController.h */ = {isa = PBXFileReference; lastKnownFileType = sourcecode.c.h; name = "FBUserSettingsViewController.h"; path = "com.phonegap.plugins.facebookconnect/facebook/FBUserSettingsViewController.h"; sourceTree = "<group>"; fileEncoding = 4; };
		28A7CEB6D2BD45EFACDF1BA3 /* FBViewController.h */ = {isa = PBXFileReference; lastKnownFileType = sourcecode.c.h; name = "FBViewController.h"; path = "com.phonegap.plugins.facebookconnect/facebook/FBViewController.h"; sourceTree = "<group>"; fileEncoding = 4; };
		809487704B7D4BC49EF37AB9 /* FBWebDialogs.h */ = {isa = PBXFileReference; lastKnownFileType = sourcecode.c.h; name = "FBWebDialogs.h"; path = "com.phonegap.plugins.facebookconnect/facebook/FBWebDialogs.h"; sourceTree = "<group>"; fileEncoding = 4; };
		A4B2A8DF99554BD3A101418C /* FacebookSDK.h */ = {isa = PBXFileReference; lastKnownFileType = sourcecode.c.h; name = "FacebookSDK.h"; path = "com.phonegap.plugins.facebookconnect/facebook/FacebookSDK.h"; sourceTree = "<group>"; fileEncoding = 4; };
		D0B46E5264FF4AC48A4D4BF9 /* NSError+FBError.h */ = {isa = PBXFileReference; lastKnownFileType = sourcecode.c.h; name = "NSError+FBError.h"; path = "com.phonegap.plugins.facebookconnect/facebook/NSError+FBError.h"; sourceTree = "<group>"; fileEncoding = 4; };
		A45D25F7EAF7462781D3E376 /* FacebookSDKResources.bundle */ = {isa = PBXFileReference; lastKnownFileType = "wrapper.plug-in"; name = "FacebookSDKResources.bundle"; path = "FacebookSDKResources.bundle"; sourceTree = "<group>"; };
		309440964C1448BABD223E0F /* FBUserSettingsViewResources.bundle */ = {isa = PBXFileReference; lastKnownFileType = "wrapper.plug-in"; name = "FBUserSettingsViewResources.bundle"; path = "FBUserSettingsViewResources.bundle"; sourceTree = "<group>"; };
		9998D376B78740F5815AE536 /* libsqlite3.dylib */ = {isa = PBXFileReference; lastKnownFileType = "compiled.mach-o.dylib"; name = "libsqlite3.dylib"; path = "usr/lib/libsqlite3.dylib"; sourceTree = SDKROOT; fileEncoding = 4; };
		40E3AD0E9949471BA752EA98 /* Social.framework */ = {isa = PBXFileReference; lastKnownFileType = wrapper.framework; name = "Social.framework"; path = "System/Library/Frameworks/Social.framework"; sourceTree = SDKROOT; fileEncoding = 4; };
		731392A877A441D5AA876C12 /* Accounts.framework */ = {isa = PBXFileReference; lastKnownFileType = wrapper.framework; name = "Accounts.framework"; path = "System/Library/Frameworks/Accounts.framework"; sourceTree = SDKROOT; fileEncoding = 4; };
		AEBA9AD10CA14252B55E224E /* AdSupport.framework */ = {isa = PBXFileReference; lastKnownFileType = wrapper.framework; name = "AdSupport.framework"; path = "System/Library/Frameworks/AdSupport.framework"; sourceTree = SDKROOT; fileEncoding = 4; };
		3E091B761CBD475D9C943906 /* Security.framework */ = {isa = PBXFileReference; lastKnownFileType = wrapper.framework; name = "Security.framework"; path = "System/Library/Frameworks/Security.framework"; sourceTree = SDKROOT; fileEncoding = 4; };
/* End PBXFileReference section */

/* Begin PBXFrameworksBuildPhase section */
		1D60588F0D05DD3D006BFB54 /* Frameworks */ = {
			isa = PBXFrameworksBuildPhase;
			buildActionMask = 2147483647;
			files = (
				5B1594DD16A7569C00FEF299 /* AssetsLibrary.framework in Frameworks */,
				301BF552109A68D80062928A /* libCordova.a in Frameworks */,
				288765FD0DF74451002DB57D /* CoreGraphics.framework in Frameworks */,
				305D5FD1115AB8F900A74A75 /* MobileCoreServices.framework in Frameworks */,
				5AEE5B35173C68D80009041E /* CoreLocation.framework in Frameworks */,
				8F559AB4D23D4EA18998FCB9 /* SystemConfiguration.framework in Frameworks */,
				5F82C30EDE2448068360B46D /* AudioToolbox.framework in Frameworks */,
				FBF17CC2B8C64A2A9FFC349B /* FacebookSDK-3.5.2-Release.a in Frameworks */,
				07C668DE8B3140968E9EB1FE /* libsqlite3.dylib in Frameworks */,
				2DCBF809FD69487B93603E66 /* Social.framework in Frameworks */,
				EEDBE0345D8B40D89860A85C /* Accounts.framework in Frameworks */,
				EA8F6CDEA2684D6CADE7E421 /* AdSupport.framework in Frameworks */,
				03C8219BD6BF4B3784115E67 /* Security.framework in Frameworks */,
			);
			runOnlyForDeploymentPostprocessing = 0;
		};
/* End PBXFrameworksBuildPhase section */

/* Begin PBXGroup section */
		080E96DDFE201D6D7F000001 /* Classes */ = {
			isa = PBXGroup;
			children = (
				302D95EE14D2391D003F00A1 /* MainViewController.h */,
				302D95EF14D2391D003F00A1 /* MainViewController.m */,
				302D95F014D2391D003F00A1 /* MainViewController.xib */,
				1D3623240D0F684500981E51 /* AppDelegate.h */,
				1D3623250D0F684500981E51 /* AppDelegate.m */,
			);
			name = Classes;
			path = "Pouz/Classes";
			sourceTree = SOURCE_ROOT;
		};
		19C28FACFE9D520D11CA2CBB /* Products */ = {
			isa = PBXGroup;
			children = (
				1D6058910D05DD3D006BFB54 /* Pouz.app */,
			);
			name = Products;
			sourceTree = "<group>";
		};
		1F766FDB13BBADB100FB74C0 /* en.lproj */ = {
			isa = PBXGroup;
			children = (
				1F766FDC13BBADB100FB74C0 /* Localizable.strings */,
			);
			path = en.lproj;
			sourceTree = "<group>";
		};
		1F766FDE13BBADB100FB74C0 /* es.lproj */ = {
			isa = PBXGroup;
			children = (
				1F766FDF13BBADB100FB74C0 /* Localizable.strings */,
			);
			path = es.lproj;
			sourceTree = "<group>";
		};
		29B97314FDCFA39411CA2CEA /* CustomTemplate */ = {
			isa = PBXGroup;
			children = (
				EB87FDF41871DAF40020F90C /* config.xml */,
				EB87FDF31871DA8E0020F90C /* www */,
				EB87FDF21871DA7A0020F90C /* merges */,
				EB87FDF11871DA420020F90C /* Staging */,
				301BF52D109A57CC0062928A /* CordovaLib.xcodeproj */,
				080E96DDFE201D6D7F000001 /* Classes */,
				307C750510C5A3420062BCA9 /* Plugins */,
				29B97315FDCFA39411CA2CEA /* Other Sources */,
				29B97317FDCFA39411CA2CEA /* Resources */,
				29B97323FDCFA39411CA2CEA /* Frameworks */,
				19C28FACFE9D520D11CA2CBB /* Products */,
			);
			name = CustomTemplate;
			sourceTree = "<group>";
		};
		29B97315FDCFA39411CA2CEA /* Other Sources */ = {
			isa = PBXGroup;
			children = (
				32CA4F630368D1EE00C91783 /* Pouz-Prefix.pch */,
				29B97316FDCFA39411CA2CEA /* main.m */,
			);
			name = "Other Sources";
			path = "Pouz";
			sourceTree = "<group>";
		};
		29B97317FDCFA39411CA2CEA /* Resources */ = {
			isa = PBXGroup;
			children = (
				30A0434214DC770100060A13 /* de.lproj */,
				30A0434514DC770100060A13 /* se.lproj */,
				1F766FDB13BBADB100FB74C0 /* en.lproj */,
				1F766FDE13BBADB100FB74C0 /* es.lproj */,
				308D052D1370CCF300D202BF /* icons */,
				308D05311370CCF300D202BF /* splash */,
				8D1107310486CEB800E47090 /* Pouz-Info.plist */,
				CFBF3F38F9934069807E321A /* CDVNotification.bundle */,
				A45D25F7EAF7462781D3E376 /* FacebookSDKResources.bundle */,
				309440964C1448BABD223E0F /* FBUserSettingsViewResources.bundle */,
			);
			name = Resources;
			path = "Pouz/Resources";
			sourceTree = "<group>";
		};
		29B97323FDCFA39411CA2CEA /* Frameworks */ = {
			isa = PBXGroup;
			children = (
				5AEE5B34173C68D80009041E /* CoreLocation.framework */,
				5B1594DC16A7569C00FEF299 /* AssetsLibrary.framework */,
				288765FC0DF74451002DB57D /* CoreGraphics.framework */,
				305D5FD0115AB8F900A74A75 /* MobileCoreServices.framework */,
				5F65A45F15B3450D8067B9E8 /* SystemConfiguration.framework */,
				711046527CBE41B4B997EE7A /* AudioToolbox.framework */,
				21249C1D23474CFBBBA96E4B /* FacebookSDK-3.5.2-Release.a */,
				9998D376B78740F5815AE536 /* libsqlite3.dylib */,
				40E3AD0E9949471BA752EA98 /* Social.framework */,
				731392A877A441D5AA876C12 /* Accounts.framework */,
				AEBA9AD10CA14252B55E224E /* AdSupport.framework */,
				3E091B761CBD475D9C943906 /* Security.framework */,
			);
			name = Frameworks;
			sourceTree = "<group>";
		};
		301BF52E109A57CC0062928A /* Products */ = {
			isa = PBXGroup;
			children = (
				301BF535109A57CC0062928A /* libCordova.a */,
			);
			name = Products;
			sourceTree = "<group>";
		};
		307C750510C5A3420062BCA9 /* Plugins */ = {
			isa = PBXGroup;
			children = (
				D8CDA6C9D8464EFEA1D62191 /* CDVConnection.m */,
				15753DFC1DED44AF88FCC64B /* CDVReachability.m */,
				8B96E2266133400D9CC18003 /* CDVConnection.h */,
				8B36467F6E9A4C1F9E79F7A1 /* CDVReachability.h */,
				31319553BA7E4E8EB3D08CF6 /* CDVDevice.m */,
				5C8FC458491C47A592B23C03 /* CDVDevice.h */,
				0C1DF67A04F340A3A1FFCD6B /* CDVNotification.m */,
				FFD41BF243F647609D7FCC87 /* CDVNotification.h */,
				1E9C8F9CB9F64D35B01F1ED1 /* CDVVibration.m */,
				2CDCE0C22D694E8DA2028D91 /* CDVVibration.h */,
				BBDF7393AFD24576A06A04DD /* CDVInAppBrowser.m */,
				33546D29DDC544818ED7F67A /* CDVInAppBrowser.h */,
				E5405ACBD5B0480786C7BEEC /* CDVLogger.m */,
				BB97E9A7835C4E13A9FF1878 /* CDVLogger.h */,
				3DEA9CF8AE2D45DDA9C4F263 /* APPLocalNotification.m */,
				1F9452D8CF8A4649991DF373 /* APPLocalNotification.h */,
				744ACE292D9C460FA8E2D3A1 /* FacebookConnectPlugin.m */,
				BBFDB8BA228A42638329F591 /* FacebookConnectPlugin.h */,
				5D26DF8ADA7B46A3AFD1F3A4 /* FBAccessTokenData.h */,
				0DC192F6604F4A71A25F71BC /* FBAppCall.h */,
				651ED7BB42AB48D493567B3A /* FBAppLinkData.h */,
				97415693333D40CA8BE70878 /* FBCacheDescriptor.h */,
				34CCB4473CDD4AAE8B0FC27E /* FBDialogs.h */,
				D1B42DC44A0C4463B5B1CE0B /* FBDialogsData.h */,
				7A1658F5886D4E5B9A023979 /* FBDialogsParams.h */,
				F1B0D36567AA4C4798A8F031 /* FBError.h */,
				4CE2C51CC2034FE1BC5BB2CA /* FBErrorUtility.h */,
				A4C46458DA3F4A838C2B97F9 /* FBFrictionlessRecipientCache.h */,
				F92E3E5C221848FB8A7DC34F /* FBFriendPickerViewController.h */,
				BA9D1AEDAB5641D380EDA10E /* FBGraphLocation.h */,
				F7966B2D533D4343B14F87B6 /* FBGraphObject.h */,
				74A35736F8EB43B387A79AFF /* FBGraphPlace.h */,
				73107F9585F14DF1B9DD9F66 /* FBGraphUser.h */,
				EB60C30CEF6F4194A6E632A4 /* FBInsights.h */,
				88E0C00AAE46457D871BBE7B /* FBLoginView.h */,
				7BA736ED2736406EA36E8573 /* FBNativeDialogs.h */,
				B948513CBB124F75800800CF /* FBOpenGraphAction.h */,
				145858F053E4477D91FDF798 /* FBOpenGraphActionShareDialogParams.h */,
				5F8441E8A8874E22BDC3AC08 /* FBOpenGraphObject.h */,
				DAAFA36849D84A7AB8C13BED /* FBPlacePickerViewController.h */,
				A9708210066F4D41A6244AD7 /* FBProfilePictureView.h */,
				4FAD6FF4B2A24C8F8F338F47 /* FBRequest.h */,
				84E8F89F905341D999AF3E54 /* FBRequestConnection.h */,
				3B6994AE65D64BEE9BB0F19D /* FBSession.h */,
				34A6214E64CE42EB899A77AB /* FBSessionTokenCachingStrategy.h */,
				4C6B60C770EB47A88F6EBEBC /* FBSettings.h */,
				32365D49AB7046EF96107DBE /* FBShareDialogParams.h */,
				183337E0DAA74362B11C2084 /* FBTestSession.h */,
				2A467B83FECC4D99BCE6C4AF /* FBUserSettingsViewController.h */,
				28A7CEB6D2BD45EFACDF1BA3 /* FBViewController.h */,
				809487704B7D4BC49EF37AB9 /* FBWebDialogs.h */,
				A4B2A8DF99554BD3A101418C /* FacebookSDK.h */,
				D0B46E5264FF4AC48A4D4BF9 /* NSError+FBError.h */,
			);
			name = Plugins;
			path = "Pouz/Plugins";
			sourceTree = SOURCE_ROOT;
		};
		308D052D1370CCF300D202BF /* icons */ = {
			isa = PBXGroup;
			children = (
				7E7966D41810823500FA85AD /* icon-40.png */,
				7E7966D51810823500FA85AD /* icon-40@2x.png */,
				7E7966D61810823500FA85AD /* icon-50.png */,
				7E7966D71810823500FA85AD /* icon-50@2x.png */,
				7E7966D81810823500FA85AD /* icon-60.png */,
				7E7966D91810823500FA85AD /* icon-60@2x.png */,
				7E7966DA1810823500FA85AD /* icon-76.png */,
				7E7966DB1810823500FA85AD /* icon-76@2x.png */,
				7E7966DC1810823500FA85AD /* icon-small.png */,
				7E7966DD1810823500FA85AD /* icon-small@2x.png */,
				30FC414816E50CA1004E6F35 /* icon-72@2x.png */,
				308D052E1370CCF300D202BF /* icon-72.png */,
				308D052F1370CCF300D202BF /* icon.png */,
				308D05301370CCF300D202BF /* icon@2x.png */,
			);
			path = icons;
			sourceTree = "<group>";
		};
		308D05311370CCF300D202BF /* splash */ = {
			isa = PBXGroup;
			children = (
				D4A0D8751607E02300AEF8BB /* Default-568h@2x~iphone.png */,
				3088BBB7154F3926009F9C59 /* Default-Landscape@2x~ipad.png */,
				3088BBB8154F3926009F9C59 /* Default-Landscape~ipad.png */,
				3088BBB9154F3926009F9C59 /* Default-Portrait@2x~ipad.png */,
				3088BBBA154F3926009F9C59 /* Default-Portrait~ipad.png */,
				3088BBBB154F3926009F9C59 /* Default@2x~iphone.png */,
				3088BBBC154F3926009F9C59 /* Default~iphone.png */,
			);
			path = splash;
			sourceTree = "<group>";
		};
		30A0434214DC770100060A13 /* de.lproj */ = {
			isa = PBXGroup;
			children = (
				30A0434314DC770100060A13 /* Localizable.strings */,
			);
			path = de.lproj;
			sourceTree = "<group>";
		};
		30A0434514DC770100060A13 /* se.lproj */ = {
			isa = PBXGroup;
			children = (
				30A0434614DC770100060A13 /* Localizable.strings */,
			);
			path = se.lproj;
			sourceTree = "<group>";
		};
		EB87FDF11871DA420020F90C /* Staging */ = {
			isa = PBXGroup;
			children = (
				F840E1F0165FE0F500CFE078 /* config.xml */,
				301BF56E109A69640062928A /* www */,
			);
			name = Staging;
			sourceTree = "<group>";
		};
/* End PBXGroup section */

/* Begin PBXNativeTarget section */
		1D6058900D05DD3D006BFB54 /* Pouz */ = {
			isa = PBXNativeTarget;
			buildConfigurationList = 1D6058960D05DD3E006BFB54 /* Build configuration list for PBXNativeTarget "Pouz" */;
			buildPhases = (
				304B58A110DAC018002A0835 /* Copy www directory */,
				1D60588D0D05DD3D006BFB54 /* Resources */,
				1D60588E0D05DD3D006BFB54 /* Sources */,
				1D60588F0D05DD3D006BFB54 /* Frameworks */,
			);
			buildRules = (
			);
			dependencies = (
				301BF551109A68C00062928A /* PBXTargetDependency */,
			);
			name = "Pouz";
			productName = "Pouz";
			productReference = 1D6058910D05DD3D006BFB54 /* Pouz.app */;
			productType = "com.apple.product-type.application";
		};
/* End PBXNativeTarget section */

/* Begin PBXProject section */
		29B97313FDCFA39411CA2CEA /* Project object */ = {
			isa = PBXProject;
			attributes = {
				LastUpgradeCheck = 500;
			};
			buildConfigurationList = C01FCF4E08A954540054247B /* Build configuration list for PBXProject "__CLI__" */;
			compatibilityVersion = "Xcode 3.2";
			developmentRegion = English;
			hasScannedForEncodings = 1;
			knownRegions = (
				English,
				Japanese,
				French,
				German,
				en,
				es,
				de,
				se,
			);
			mainGroup = 29B97314FDCFA39411CA2CEA /* CustomTemplate */;
			projectDirPath = "";
			projectReferences = (
				{
					ProductGroup = 301BF52E109A57CC0062928A /* Products */;
					ProjectRef = 301BF52D109A57CC0062928A /* CordovaLib.xcodeproj */;
				},
			);
			projectRoot = "";
			targets = (
				1D6058900D05DD3D006BFB54 /* Pouz */,
			);
		};
/* End PBXProject section */

/* Begin PBXReferenceProxy section */
		301BF535109A57CC0062928A /* libCordova.a */ = {
			isa = PBXReferenceProxy;
			fileType = archive.ar;
			path = libCordova.a;
			remoteRef = 301BF534109A57CC0062928A /* PBXContainerItemProxy */;
			sourceTree = BUILT_PRODUCTS_DIR;
		};
/* End PBXReferenceProxy section */

/* Begin PBXResourcesBuildPhase section */
		1D60588D0D05DD3D006BFB54 /* Resources */ = {
			isa = PBXResourcesBuildPhase;
			buildActionMask = 2147483647;
			files = (
				7E7966E41810823500FA85AD /* icon-76.png in Resources */,
				7E7966DF1810823500FA85AD /* icon-40@2x.png in Resources */,
				308D05371370CCF300D202BF /* icon-72.png in Resources */,
				308D05381370CCF300D202BF /* icon.png in Resources */,
				308D05391370CCF300D202BF /* icon@2x.png in Resources */,
				1F766FE113BBADB100FB74C0 /* Localizable.strings in Resources */,
				302D95F214D2391D003F00A1 /* MainViewController.xib in Resources */,
				7E7966E01810823500FA85AD /* icon-50.png in Resources */,
				7E7966E31810823500FA85AD /* icon-60@2x.png in Resources */,
				30A0434814DC770100060A13 /* Localizable.strings in Resources */,
				7E7966E61810823500FA85AD /* icon-small.png in Resources */,
				3088BBBD154F3926009F9C59 /* Default-Landscape@2x~ipad.png in Resources */,
				3088BBBE154F3926009F9C59 /* Default-Landscape~ipad.png in Resources */,
				3088BBBF154F3926009F9C59 /* Default-Portrait@2x~ipad.png in Resources */,
				7E7966E71810823500FA85AD /* icon-small@2x.png in Resources */,
				3088BBC0154F3926009F9C59 /* Default-Portrait~ipad.png in Resources */,
				7E7966DE1810823500FA85AD /* icon-40.png in Resources */,
				3088BBC1154F3926009F9C59 /* Default@2x~iphone.png in Resources */,
				7E7966E21810823500FA85AD /* icon-60.png in Resources */,
				3088BBC2154F3926009F9C59 /* Default~iphone.png in Resources */,
				D4A0D8761607E02300AEF8BB /* Default-568h@2x~iphone.png in Resources */,
				7E7966E11810823500FA85AD /* icon-50@2x.png in Resources */,
				7E7966E51810823500FA85AD /* icon-76@2x.png in Resources */,
				30FC414916E50CA1004E6F35 /* icon-72@2x.png in Resources */,
				4E4A418F3D5E4416B978BC4C /* CDVNotification.bundle in Resources */,
				B04857D9631F453598AB508B /* FacebookSDKResources.bundle in Resources */,
				22B44E6CF9A9432BBA93378B /* FBUserSettingsViewResources.bundle in Resources */,
			);
			runOnlyForDeploymentPostprocessing = 0;
		};
/* End PBXResourcesBuildPhase section */

/* Begin PBXShellScriptBuildPhase section */
		304B58A110DAC018002A0835 /* Copy www directory */ = {
			isa = PBXShellScriptBuildPhase;
			buildActionMask = 2147483647;
			files = (
			);
			inputPaths = (
			);
			name = "Copy www directory";
			outputPaths = (
			);
			runOnlyForDeploymentPostprocessing = 0;
			shellPath = /bin/sh;
			shellScript = "cordova/lib/copy-www-build-step.sh";
			showEnvVarsInLog = 0;
		};
/* End PBXShellScriptBuildPhase section */

/* Begin PBXSourcesBuildPhase section */
		1D60588E0D05DD3D006BFB54 /* Sources */ = {
			isa = PBXSourcesBuildPhase;
			buildActionMask = 2147483647;
			files = (
				1D60589B0D05DD56006BFB54 /* main.m in Sources */,
				1D3623260D0F684500981E51 /* AppDelegate.m in Sources */,
				302D95F114D2391D003F00A1 /* MainViewController.m in Sources */,
				61CE73DBED00422CA1B633A2 /* CDVConnection.m in Sources */,
				9A64FB27A1E34F78B4EE1C49 /* CDVReachability.m in Sources */,
				2EBD392D9CA34BE7A58C642D /* CDVDevice.m in Sources */,
				8CC88DD0ECB948D790AE68FF /* CDVNotification.m in Sources */,
				5A652831081647BEA166945C /* CDVVibration.m in Sources */,
				9CD1A7EE6E344C84B1AB5817 /* CDVInAppBrowser.m in Sources */,
				CF416C1644FA4FAABE2C96AD /* CDVLogger.m in Sources */,
				054A0C85E9CB4004BDEAE52B /* APPLocalNotification.m in Sources */,
				6AAC02DB6E1A42BAAF39AF69 /* FacebookConnectPlugin.m in Sources */,
			);
			runOnlyForDeploymentPostprocessing = 0;
		};
/* End PBXSourcesBuildPhase section */

/* Begin PBXTargetDependency section */
		301BF551109A68C00062928A /* PBXTargetDependency */ = {
			isa = PBXTargetDependency;
			name = CordovaLib;
			targetProxy = 301BF550109A68C00062928A /* PBXContainerItemProxy */;
		};
/* End PBXTargetDependency section */

/* Begin PBXVariantGroup section */
		1F766FDC13BBADB100FB74C0 /* Localizable.strings */ = {
			isa = PBXVariantGroup;
			children = (
				1F766FDD13BBADB100FB74C0 /* en */,
			);
			name = Localizable.strings;
			sourceTree = "<group>";
		};
		1F766FDF13BBADB100FB74C0 /* Localizable.strings */ = {
			isa = PBXVariantGroup;
			children = (
				1F766FE013BBADB100FB74C0 /* es */,
			);
			name = Localizable.strings;
			sourceTree = "<group>";
		};
		30A0434314DC770100060A13 /* Localizable.strings */ = {
			isa = PBXVariantGroup;
			children = (
				30A0434414DC770100060A13 /* de */,
			);
			name = Localizable.strings;
			sourceTree = "<group>";
		};
		30A0434614DC770100060A13 /* Localizable.strings */ = {
			isa = PBXVariantGroup;
			children = (
				30A0434714DC770100060A13 /* se */,
			);
			name = Localizable.strings;
			sourceTree = "<group>";
		};
/* End PBXVariantGroup section */

/* Begin XCBuildConfiguration section */
		1D6058940D05DD3E006BFB54 /* Debug */ = {
			isa = XCBuildConfiguration;
			buildSettings = {
				ALWAYS_SEARCH_USER_PATHS = NO;
				CLANG_ENABLE_OBJC_ARC = YES;
				COPY_PHASE_STRIP = NO;
				GCC_DYNAMIC_NO_PIC = NO;
				GCC_OPTIMIZATION_LEVEL = 0;
				GCC_PRECOMPILE_PREFIX_HEADER = YES;
				GCC_PREFIX_HEADER = "Pouz/Pouz-Prefix.pch";
				GCC_THUMB_SUPPORT = NO;
				GCC_VERSION = "";
				INFOPLIST_FILE = "Pouz/Pouz-Info.plist";
				IPHONEOS_DEPLOYMENT_TARGET = 5.0;
				OTHER_LDFLAGS = (
					"-weak_framework",
					CoreFoundation,
					"-weak_framework",
					UIKit,
					"-weak_framework",
					AVFoundation,
					"-weak_framework",
					CoreMedia,
					"-weak-lSystem",
					"-force_load",
					"\"$(BUILT_PRODUCTS_DIR)/libCordova.a\"",
					"-ObjC",
				);
				PRODUCT_NAME = "Pouz";
				TARGETED_DEVICE_FAMILY = "1,2";
				LIBRARY_SEARCH_PATHS = (
					"$(inherited)",
					"\"$(SRCROOT)/Pouz/Plugins/com.phonegap.plugins.facebookconnect\"",
				);
			};
			name = Debug;
		};
		1D6058950D05DD3E006BFB54 /* Release */ = {
			isa = XCBuildConfiguration;
			buildSettings = {
				ALWAYS_SEARCH_USER_PATHS = NO;
				CLANG_ENABLE_OBJC_ARC = YES;
				COPY_PHASE_STRIP = YES;
				GCC_PRECOMPILE_PREFIX_HEADER = YES;
				GCC_PREFIX_HEADER = "Pouz/Pouz-Prefix.pch";
				GCC_THUMB_SUPPORT = NO;
				GCC_VERSION = "";
				INFOPLIST_FILE = "Pouz/Pouz-Info.plist";
				IPHONEOS_DEPLOYMENT_TARGET = 5.0;
				OTHER_LDFLAGS = (
					"-weak_framework",
					CoreFoundation,
					"-weak_framework",
					UIKit,
					"-weak_framework",
					AVFoundation,
					"-weak_framework",
					CoreMedia,
					"-weak-lSystem",
					"-force_load",
					"\"$(BUILT_PRODUCTS_DIR)/libCordova.a\"",
					"-ObjC",
				);
				PRODUCT_NAME = "Pouz";
				TARGETED_DEVICE_FAMILY = "1,2";
				LIBRARY_SEARCH_PATHS = (
					"$(inherited)",
					"\"$(SRCROOT)/Pouz/Plugins/com.phonegap.plugins.facebookconnect\"",
				);
			};
			name = Release;
		};
		C01FCF4F08A954540054247B /* Debug */ = {
			isa = XCBuildConfiguration;
			buildSettings = {
				CLANG_ENABLE_OBJC_ARC = YES;
				CLANG_WARN_BOOL_CONVERSION = YES;
				CLANG_WARN_CONSTANT_CONVERSION = YES;
				CLANG_WARN_EMPTY_BODY = YES;
				CLANG_WARN_ENUM_CONVERSION = YES;
				CLANG_WARN_INT_CONVERSION = YES;
				CLANG_WARN__DUPLICATE_METHOD_MATCH = YES;
				"CODE_SIGN_IDENTITY[sdk=iphoneos*]" = "iPhone Developer";
				GCC_C_LANGUAGE_STANDARD = c99;
				GCC_THUMB_SUPPORT = NO;
				GCC_VERSION = "";
				GCC_WARN_ABOUT_RETURN_TYPE = YES;
				GCC_WARN_UNDECLARED_SELECTOR = YES;
				GCC_WARN_UNINITIALIZED_AUTOS = YES;
				GCC_WARN_UNUSED_FUNCTION = YES;
				GCC_WARN_UNUSED_VARIABLE = YES;
				HEADER_SEARCH_PATHS = (
					"\"$(TARGET_BUILD_DIR)/usr/local/lib/include\"",
					"\"$(OBJROOT)/UninstalledProducts/include\"",
					"\"$(BUILT_PRODUCTS_DIR)\"",
				);
				IPHONEOS_DEPLOYMENT_TARGET = 5.0;
				ONLY_ACTIVE_ARCH = YES;
				OTHER_LDFLAGS = (
					"-weak_framework",
					CoreFoundation,
					"-weak_framework",
					UIKit,
					"-weak_framework",
					AVFoundation,
					"-weak_framework",
					CoreMedia,
					"-weak-lSystem",
					"-force_load",
					"\"$(BUILT_PRODUCTS_DIR)/libCordova.a\"",
					"-ObjC",
				);
				SDKROOT = iphoneos;
				SKIP_INSTALL = NO;
				USER_HEADER_SEARCH_PATHS = "";
			};
			name = Debug;
		};
		C01FCF5008A954540054247B /* Release */ = {
			isa = XCBuildConfiguration;
			buildSettings = {
				CLANG_ENABLE_OBJC_ARC = YES;
				CLANG_WARN_BOOL_CONVERSION = YES;
				CLANG_WARN_CONSTANT_CONVERSION = YES;
				CLANG_WARN_EMPTY_BODY = YES;
				CLANG_WARN_ENUM_CONVERSION = YES;
				CLANG_WARN_INT_CONVERSION = YES;
				CLANG_WARN__DUPLICATE_METHOD_MATCH = YES;
				"CODE_SIGN_IDENTITY[sdk=iphoneos*]" = "iPhone Developer";
				GCC_C_LANGUAGE_STANDARD = c99;
				GCC_THUMB_SUPPORT = NO;
				GCC_VERSION = "";
				GCC_WARN_ABOUT_RETURN_TYPE = YES;
				GCC_WARN_UNDECLARED_SELECTOR = YES;
				GCC_WARN_UNINITIALIZED_AUTOS = YES;
				GCC_WARN_UNUSED_FUNCTION = YES;
				GCC_WARN_UNUSED_VARIABLE = YES;
				HEADER_SEARCH_PATHS = (
					"\"$(TARGET_BUILD_DIR)/usr/local/lib/include\"",
					"\"$(OBJROOT)/UninstalledProducts/include\"",
					"\"$(BUILT_PRODUCTS_DIR)\"",
				);
				IPHONEOS_DEPLOYMENT_TARGET = 5.0;
				OTHER_LDFLAGS = (
					"-weak_framework",
					CoreFoundation,
					"-weak_framework",
					UIKit,
					"-weak_framework",
					AVFoundation,
					"-weak_framework",
					CoreMedia,
					"-weak-lSystem",
					"-force_load",
					"\"$(BUILT_PRODUCTS_DIR)/libCordova.a\"",
					"-ObjC",
				);
				SDKROOT = iphoneos;
				SKIP_INSTALL = NO;
				USER_HEADER_SEARCH_PATHS = "";
			};
			name = Release;
		};
/* End XCBuildConfiguration section */

/* Begin XCConfigurationList section */
		1D6058960D05DD3E006BFB54 /* Build configuration list for PBXNativeTarget "Pouz" */ = {
			isa = XCConfigurationList;
			buildConfigurations = (
				1D6058940D05DD3E006BFB54 /* Debug */,
				1D6058950D05DD3E006BFB54 /* Release */,
			);
			defaultConfigurationIsVisible = 0;
			defaultConfigurationName = Release;
		};
		C01FCF4E08A954540054247B /* Build configuration list for PBXProject "__CLI__" */ = {
			isa = XCConfigurationList;
			buildConfigurations = (
				C01FCF4F08A954540054247B /* Debug */,
				C01FCF5008A954540054247B /* Release */,
			);
			defaultConfigurationIsVisible = 0;
			defaultConfigurationName = Release;
		};
/* End XCConfigurationList section */
	};
	rootObject = 29B97313FDCFA39411CA2CEA /* Project object */;
}
